// !$*UTF8*$!
{
	archiveVersion = 1;
	classes = {
	};
	objectVersion = 46;
	objects = {

/* Begin PBXBuildFile section */
		4CCC76471D21801C00B3E66E /* AppDelegate.swift in Sources */ = {isa = PBXBuildFile; fileRef = 4CCC76461D21801C00B3E66E /* AppDelegate.swift */; };
		4CCC76491D21801C00B3E66E /* RootViewController.swift in Sources */ = {isa = PBXBuildFile; fileRef = 4CCC76481D21801C00B3E66E /* RootViewController.swift */; };
		4CCC764B1D21801C00B3E66E /* DataViewController.swift in Sources */ = {isa = PBXBuildFile; fileRef = 4CCC764A1D21801C00B3E66E /* DataViewController.swift */; };
		4CCC764D1D21801C00B3E66E /* ModelController.swift in Sources */ = {isa = PBXBuildFile; fileRef = 4CCC764C1D21801C00B3E66E /* ModelController.swift */; };
		4CCC76501D21801C00B3E66E /* Main.storyboard in Resources */ = {isa = PBXBuildFile; fileRef = 4CCC764E1D21801C00B3E66E /* Main.storyboard */; };
		4CCC76521D21801C00B3E66E /* Assets.xcassets in Resources */ = {isa = PBXBuildFile; fileRef = 4CCC76511D21801C00B3E66E /* Assets.xcassets */; };
		4CCC76551D21801C00B3E66E /* LaunchScreen.storyboard in Resources */ = {isa = PBXBuildFile; fileRef = 4CCC76531D21801C00B3E66E /* LaunchScreen.storyboard */; };
		4CCC76601D21801C00B3E66E /* watson_test1Tests.swift in Sources */ = {isa = PBXBuildFile; fileRef = 4CCC765F1D21801C00B3E66E /* watson_test1Tests.swift */; };
		4CCC766B1D21801C00B3E66E /* watson_test1UITests.swift in Sources */ = {isa = PBXBuildFile; fileRef = 4CCC766A1D21801C00B3E66E /* watson_test1UITests.swift */; };
/* End PBXBuildFile section */

/* Begin PBXContainerItemProxy section */
		4CCC765C1D21801C00B3E66E /* PBXContainerItemProxy */ = {
			isa = PBXContainerItemProxy;
			containerPortal = 4CCC763B1D21801C00B3E66E /* Project object */;
			proxyType = 1;
			remoteGlobalIDString = 4CCC76421D21801C00B3E66E;
			remoteInfo = "watson-test1";
		};
		4CCC76671D21801C00B3E66E /* PBXContainerItemProxy */ = {
			isa = PBXContainerItemProxy;
			containerPortal = 4CCC763B1D21801C00B3E66E /* Project object */;
			proxyType = 1;
			remoteGlobalIDString = 4CCC76421D21801C00B3E66E;
			remoteInfo = "watson-test1";
		};
/* End PBXContainerItemProxy section */

/* Begin PBXFileReference section */
		4CCC76431D21801C00B3E66E /* watson-test1.app */ = {isa = PBXFileReference; explicitFileType = wrapper.application; includeInIndex = 0; path = "watson-test1.app"; sourceTree = BUILT_PRODUCTS_DIR; };
		4CCC76461D21801C00B3E66E /* AppDelegate.swift */ = {isa = PBXFileReference; lastKnownFileType = sourcecode.swift; path = AppDelegate.swift; sourceTree = "<group>"; };
		4CCC76481D21801C00B3E66E /* RootViewController.swift */ = {isa = PBXFileReference; lastKnownFileType = sourcecode.swift; path = RootViewController.swift; sourceTree = "<group>"; };
		4CCC764A1D21801C00B3E66E /* DataViewController.swift */ = {isa = PBXFileReference; lastKnownFileType = sourcecode.swift; path = DataViewController.swift; sourceTree = "<group>"; };
		4CCC764C1D21801C00B3E66E /* ModelController.swift */ = {isa = PBXFileReference; lastKnownFileType = sourcecode.swift; path = ModelController.swift; sourceTree = "<group>"; };
		4CCC764F1D21801C00B3E66E /* Base */ = {isa = PBXFileReference; lastKnownFileType = file.storyboard; name = Base; path = Base.lproj/Main.storyboard; sourceTree = "<group>"; };
		4CCC76511D21801C00B3E66E /* Assets.xcassets */ = {isa = PBXFileReference; lastKnownFileType = folder.assetcatalog; path = Assets.xcassets; sourceTree = "<group>"; };
		4CCC76541D21801C00B3E66E /* Base */ = {isa = PBXFileReference; lastKnownFileType = file.storyboard; name = Base; path = Base.lproj/LaunchScreen.storyboard; sourceTree = "<group>"; };
		4CCC76561D21801C00B3E66E /* Info.plist */ = {isa = PBXFileReference; lastKnownFileType = text.plist.xml; path = Info.plist; sourceTree = "<group>"; };
		4CCC765B1D21801C00B3E66E /* watson-test1Tests.xctest */ = {isa = PBXFileReference; explicitFileType = wrapper.cfbundle; includeInIndex = 0; path = "watson-test1Tests.xctest"; sourceTree = BUILT_PRODUCTS_DIR; };
		4CCC765F1D21801C00B3E66E /* watson_test1Tests.swift */ = {isa = PBXFileReference; lastKnownFileType = sourcecode.swift; path = watson_test1Tests.swift; sourceTree = "<group>"; };
		4CCC76611D21801C00B3E66E /* Info.plist */ = {isa = PBXFileReference; lastKnownFileType = text.plist.xml; path = Info.plist; sourceTree = "<group>"; };
		4CCC76661D21801C00B3E66E /* watson-test1UITests.xctest */ = {isa = PBXFileReference; explicitFileType = wrapper.cfbundle; includeInIndex = 0; path = "watson-test1UITests.xctest"; sourceTree = BUILT_PRODUCTS_DIR; };
		4CCC766A1D21801C00B3E66E /* watson_test1UITests.swift */ = {isa = PBXFileReference; lastKnownFileType = sourcecode.swift; path = watson_test1UITests.swift; sourceTree = "<group>"; };
		4CCC766C1D21801C00B3E66E /* Info.plist */ = {isa = PBXFileReference; lastKnownFileType = text.plist.xml; path = Info.plist; sourceTree = "<group>"; };
/* End PBXFileReference section */

/* Begin PBXFrameworksBuildPhase section */
		4CCC76401D21801C00B3E66E /* Frameworks */ = {
			isa = PBXFrameworksBuildPhase;
			buildActionMask = 2147483647;
			files = (
			);
			runOnlyForDeploymentPostprocessing = 0;
		};
		4CCC76581D21801C00B3E66E /* Frameworks */ = {
			isa = PBXFrameworksBuildPhase;
			buildActionMask = 2147483647;
			files = (
			);
			runOnlyForDeploymentPostprocessing = 0;
		};
		4CCC76631D21801C00B3E66E /* Frameworks */ = {
			isa = PBXFrameworksBuildPhase;
			buildActionMask = 2147483647;
			files = (
			);
			runOnlyForDeploymentPostprocessing = 0;
		};
/* End PBXFrameworksBuildPhase section */

/* Begin PBXGroup section */
		4CCC763A1D21801C00B3E66E = {
			isa = PBXGroup;
			children = (
				4CCC76451D21801C00B3E66E /* watson-test1 */,
				4CCC765E1D21801C00B3E66E /* watson-test1Tests */,
				4CCC76691D21801C00B3E66E /* watson-test1UITests */,
				4CCC76441D21801C00B3E66E /* Products */,
			);
			sourceTree = "<group>";
		};
		4CCC76441D21801C00B3E66E /* Products */ = {
			isa = PBXGroup;
			children = (
				4CCC76431D21801C00B3E66E /* watson-test1.app */,
				4CCC765B1D21801C00B3E66E /* watson-test1Tests.xctest */,
				4CCC76661D21801C00B3E66E /* watson-test1UITests.xctest */,
			);
			name = Products;
			sourceTree = "<group>";
		};
		4CCC76451D21801C00B3E66E /* watson-test1 */ = {
			isa = PBXGroup;
			children = (
				4CCC76461D21801C00B3E66E /* AppDelegate.swift */,
				4CCC76481D21801C00B3E66E /* RootViewController.swift */,
				4CCC764A1D21801C00B3E66E /* DataViewController.swift */,
				4CCC764C1D21801C00B3E66E /* ModelController.swift */,
				4CCC764E1D21801C00B3E66E /* Main.storyboard */,
				4CCC76511D21801C00B3E66E /* Assets.xcassets */,
				4CCC76531D21801C00B3E66E /* LaunchScreen.storyboard */,
				4CCC76561D21801C00B3E66E /* Info.plist */,
			);
			path = "watson-test1";
			sourceTree = "<group>";
		};
		4CCC765E1D21801C00B3E66E /* watson-test1Tests */ = {
			isa = PBXGroup;
			children = (
				4CCC765F1D21801C00B3E66E /* watson_test1Tests.swift */,
				4CCC76611D21801C00B3E66E /* Info.plist */,
			);
			path = "watson-test1Tests";
			sourceTree = "<group>";
		};
		4CCC76691D21801C00B3E66E /* watson-test1UITests */ = {
			isa = PBXGroup;
			children = (
				4CCC766A1D21801C00B3E66E /* watson_test1UITests.swift */,
				4CCC766C1D21801C00B3E66E /* Info.plist */,
			);
			path = "watson-test1UITests";
			sourceTree = "<group>";
		};
/* End PBXGroup section */

/* Begin PBXNativeTarget section */
		4CCC76421D21801C00B3E66E /* watson-test1 */ = {
			isa = PBXNativeTarget;
			buildConfigurationList = 4CCC766F1D21801C00B3E66E /* Build configuration list for PBXNativeTarget "watson-test1" */;
			buildPhases = (
				4CCC763F1D21801C00B3E66E /* Sources */,
				4CCC76401D21801C00B3E66E /* Frameworks */,
				4CCC76411D21801C00B3E66E /* Resources */,
			);
			buildRules = (
			);
			dependencies = (
			);
			name = "watson-test1";
			productName = "watson-test1";
			productReference = 4CCC76431D21801C00B3E66E /* watson-test1.app */;
			productType = "com.apple.product-type.application";
		};
		4CCC765A1D21801C00B3E66E /* watson-test1Tests */ = {
			isa = PBXNativeTarget;
			buildConfigurationList = 4CCC76721D21801C00B3E66E /* Build configuration list for PBXNativeTarget "watson-test1Tests" */;
			buildPhases = (
				4CCC76571D21801C00B3E66E /* Sources */,
				4CCC76581D21801C00B3E66E /* Frameworks */,
				4CCC76591D21801C00B3E66E /* Resources */,
			);
			buildRules = (
			);
			dependencies = (
				4CCC765D1D21801C00B3E66E /* PBXTargetDependency */,
			);
			name = "watson-test1Tests";
			productName = "watson-test1Tests";
			productReference = 4CCC765B1D21801C00B3E66E /* watson-test1Tests.xctest */;
			productType = "com.apple.product-type.bundle.unit-test";
		};
		4CCC76651D21801C00B3E66E /* watson-test1UITests */ = {
			isa = PBXNativeTarget;
			buildConfigurationList = 4CCC76751D21801C00B3E66E /* Build configuration list for PBXNativeTarget "watson-test1UITests" */;
			buildPhases = (
				4CCC76621D21801C00B3E66E /* Sources */,
				4CCC76631D21801C00B3E66E /* Frameworks */,
				4CCC76641D21801C00B3E66E /* Resources */,
			);
			buildRules = (
			);
			dependencies = (
				4CCC76681D21801C00B3E66E /* PBXTargetDependency */,
			);
			name = "watson-test1UITests";
			productName = "watson-test1UITests";
			productReference = 4CCC76661D21801C00B3E66E /* watson-test1UITests.xctest */;
			productType = "com.apple.product-type.bundle.ui-testing";
		};
/* End PBXNativeTarget section */

/* Begin PBXProject section */
		4CCC763B1D21801C00B3E66E /* Project object */ = {
			isa = PBXProject;
			attributes = {
				LastSwiftUpdateCheck = 0730;
				LastUpgradeCheck = 0730;
				ORGANIZATIONNAME = "behnam hajian";
				TargetAttributes = {
					4CCC76421D21801C00B3E66E = {
						CreatedOnToolsVersion = 7.3.1;
					};
					4CCC765A1D21801C00B3E66E = {
						CreatedOnToolsVersion = 7.3.1;
						TestTargetID = 4CCC76421D21801C00B3E66E;
					};
					4CCC76651D21801C00B3E66E = {
						CreatedOnToolsVersion = 7.3.1;
						TestTargetID = 4CCC76421D21801C00B3E66E;
					};
				};
			};
			buildConfigurationList = 4CCC763E1D21801C00B3E66E /* Build configuration list for PBXProject "watson-test1" */;
			compatibilityVersion = "Xcode 3.2";
			developmentRegion = English;
			hasScannedForEncodings = 0;
			knownRegions = (
				en,
				Base,
			);
			mainGroup = 4CCC763A1D21801C00B3E66E;
			productRefGroup = 4CCC76441D21801C00B3E66E /* Products */;
			projectDirPath = "";
			projectRoot = "";
			targets = (
				4CCC76421D21801C00B3E66E /* watson-test1 */,
				4CCC765A1D21801C00B3E66E /* watson-test1Tests */,
				4CCC76651D21801C00B3E66E /* watson-test1UITests */,
			);
		};
/* End PBXProject section */

/* Begin PBXResourcesBuildPhase section */
		4CCC76411D21801C00B3E66E /* Resources */ = {
			isa = PBXResourcesBuildPhase;
			buildActionMask = 2147483647;
			files = (
				4CCC76551D21801C00B3E66E /* LaunchScreen.storyboard in Resources */,
				4CCC76521D21801C00B3E66E /* Assets.xcassets in Resources */,
				4CCC76501D21801C00B3E66E /* Main.storyboard in Resources */,
			);
			runOnlyForDeploymentPostprocessing = 0;
		};
		4CCC76591D21801C00B3E66E /* Resources */ = {
			isa = PBXResourcesBuildPhase;
			buildActionMask = 2147483647;
			files = (
			);
			runOnlyForDeploymentPostprocessing = 0;
		};
		4CCC76641D21801C00B3E66E /* Resources */ = {
			isa = PBXResourcesBuildPhase;
			buildActionMask = 2147483647;
			files = (
			);
			runOnlyForDeploymentPostprocessing = 0;
		};
/* End PBXResourcesBuildPhase section */

/* Begin PBXSourcesBuildPhase section */
		4CCC763F1D21801C00B3E66E /* Sources */ = {
			isa = PBXSourcesBuildPhase;
			buildActionMask = 2147483647;
			files = (
				4CCC76491D21801C00B3E66E /* RootViewController.swift in Sources */,
				4CCC764D1D21801C00B3E66E /* ModelController.swift in Sources */,
				4CCC764B1D21801C00B3E66E /* DataViewController.swift in Sources */,
				4CCC76471D21801C00B3E66E /* AppDelegate.swift in Sources */,
			);
			runOnlyForDeploymentPostprocessing = 0;
		};
		4CCC76571D21801C00B3E66E /* Sources */ = {
			isa = PBXSourcesBuildPhase;
			buildActionMask = 2147483647;
			files = (
				4CCC76601D21801C00B3E66E /* watson_test1Tests.swift in Sources */,
			);
			runOnlyForDeploymentPostprocessing = 0;
		};
		4CCC76621D21801C00B3E66E /* Sources */ = {
			isa = PBXSourcesBuildPhase;
			buildActionMask = 2147483647;
			files = (
				4CCC766B1D21801C00B3E66E /* watson_test1UITests.swift in Sources */,
			);
			runOnlyForDeploymentPostprocessing = 0;
		};
/* End PBXSourcesBuildPhase section */

/* Begin PBXTargetDependency section */
		4CCC765D1D21801C00B3E66E /* PBXTargetDependency */ = {
			isa = PBXTargetDependency;
			target = 4CCC76421D21801C00B3E66E /* watson-test1 */;
			targetProxy = 4CCC765C1D21801C00B3E66E /* PBXContainerItemProxy */;
		};
		4CCC76681D21801C00B3E66E /* PBXTargetDependency */ = {
			isa = PBXTargetDependency;
			target = 4CCC76421D21801C00B3E66E /* watson-test1 */;
			targetProxy = 4CCC76671D21801C00B3E66E /* PBXContainerItemProxy */;
		};
/* End PBXTargetDependency section */

/* Begin PBXVariantGroup section */
		4CCC764E1D21801C00B3E66E /* Main.storyboard */ = {
			isa = PBXVariantGroup;
			children = (
				4CCC764F1D21801C00B3E66E /* Base */,
			);
			name = Main.storyboard;
			sourceTree = "<group>";
		};
		4CCC76531D21801C00B3E66E /* LaunchScreen.storyboard */ = {
			isa = PBXVariantGroup;
			children = (
				4CCC76541D21801C00B3E66E /* Base */,
			);
			name = LaunchScreen.storyboard;
			sourceTree = "<group>";
		};
/* End PBXVariantGroup section */

/* Begin XCBuildConfiguration section */
		4CCC766D1D21801C00B3E66E /* Debug */ = {
			isa = XCBuildConfiguration;
			buildSettings = {
				ALWAYS_SEARCH_USER_PATHS = NO;
				CLANG_ANALYZER_NONNULL = YES;
				CLANG_CXX_LANGUAGE_STANDARD = "gnu++0x";
				CLANG_CXX_LIBRARY = "libc++";
				CLANG_ENABLE_MODULES = YES;
				CLANG_ENABLE_OBJC_ARC = YES;
				CLANG_WARN_BOOL_CONVERSION = YES;
				CLANG_WARN_CONSTANT_CONVERSION = YES;
				CLANG_WARN_DIRECT_OBJC_ISA_USAGE = YES_ERROR;
				CLANG_WARN_EMPTY_BODY = YES;
				CLANG_WARN_ENUM_CONVERSION = YES;
				CLANG_WARN_INT_CONVERSION = YES;
				CLANG_WARN_OBJC_ROOT_CLASS = YES_ERROR;
				CLANG_WARN_UNREACHABLE_CODE = YES;
				CLANG_WARN__DUPLICATE_METHOD_MATCH = YES;
				"CODE_SIGN_IDENTITY[sdk=iphoneos*]" = "iPhone Developer";
				COPY_PHASE_STRIP = NO;
				DEBUG_INFORMATION_FORMAT = dwarf;
				ENABLE_STRICT_OBJC_MSGSEND = YES;
				ENABLE_TESTABILITY = YES;
				GCC_C_LANGUAGE_STANDARD = gnu99;
				GCC_DYNAMIC_NO_PIC = NO;
				GCC_NO_COMMON_BLOCKS = YES;
				GCC_OPTIMIZATION_LEVEL = 0;
				GCC_PREPROCESSOR_DEFINITIONS = (
					"DEBUG=1",
					"$(inherited)",
				);
				GCC_WARN_64_TO_32_BIT_CONVERSION = YES;
				GCC_WARN_ABOUT_RETURN_TYPE = YES_ERROR;
				GCC_WARN_UNDECLARED_SELECTOR = YES;
				GCC_WARN_UNINITIALIZED_AUTOS = YES_AGGRESSIVE;
				GCC_WARN_UNUSED_FUNCTION = YES;
				GCC_WARN_UNUSED_VARIABLE = YES;
				IPHONEOS_DEPLOYMENT_TARGET = 9.3;
				MTL_ENABLE_DEBUG_INFO = YES;
				ONLY_ACTIVE_ARCH = YES;
				SDKROOT = iphoneos;
				SWIFT_OPTIMIZATION_LEVEL = "-Onone";
				TARGETED_DEVICE_FAMILY = "1,2";
			};
			name = Debug;
		};
		4CCC766E1D21801C00B3E66E /* Release */ = {
			isa = XCBuildConfiguration;
			buildSettings = {
				ALWAYS_SEARCH_USER_PATHS = NO;
				CLANG_ANALYZER_NONNULL = YES;
				CLANG_CXX_LANGUAGE_STANDARD = "gnu++0x";
				CLANG_CXX_LIBRARY = "libc++";
				CLANG_ENABLE_MODULES = YES;
				CLANG_ENABLE_OBJC_ARC = YES;
				CLANG_WARN_BOOL_CONVERSION = YES;
				CLANG_WARN_CONSTANT_CONVERSION = YES;
				CLANG_WARN_DIRECT_OBJC_ISA_USAGE = YES_ERROR;
				CLANG_WARN_EMPTY_BODY = YES;
				CLANG_WARN_ENUM_CONVERSION = YES;
				CLANG_WARN_INT_CONVERSION = YES;
				CLANG_WARN_OBJC_ROOT_CLASS = YES_ERROR;
				CLANG_WARN_UNREACHABLE_CODE = YES;
				CLANG_WARN__DUPLICATE_METHOD_MATCH = YES;
				"CODE_SIGN_IDENTITY[sdk=iphoneos*]" = "iPhone Developer";
				COPY_PHASE_STRIP = NO;
				DEBUG_INFORMATION_FORMAT = "dwarf-with-dsym";
				ENABLE_NS_ASSERTIONS = NO;
				ENABLE_STRICT_OBJC_MSGSEND = YES;
				GCC_C_LANGUAGE_STANDARD = gnu99;
				GCC_NO_COMMON_BLOCKS = YES;
				GCC_WARN_64_TO_32_BIT_CONVERSION = YES;
				GCC_WARN_ABOUT_RETURN_TYPE = YES_ERROR;
				GCC_WARN_UNDECLARED_SELECTOR = YES;
				GCC_WARN_UNINITIALIZED_AUTOS = YES_AGGRESSIVE;
				GCC_WARN_UNUSED_FUNCTION = YES;
				GCC_WARN_UNUSED_VARIABLE = YES;
				IPHONEOS_DEPLOYMENT_TARGET = 9.3;
				MTL_ENABLE_DEBUG_INFO = NO;
				SDKROOT = iphoneos;
				TARGETED_DEVICE_FAMILY = "1,2";
				VALIDATE_PRODUCT = YES;
			};
			name = Release;
		};
		4CCC76701D21801C00B3E66E /* Debug */ = {
			isa = XCBuildConfiguration;
			buildSettings = {
				ASSETCATALOG_COMPILER_APPICON_NAME = AppIcon;
				INFOPLIST_FILE = "watson-test1/Info.plist";
				LD_RUNPATH_SEARCH_PATHS = "$(inherited) @executable_path/Frameworks";
				PRODUCT_BUNDLE_IDENTIFIER = "apiconnect.watson-test1";
				PRODUCT_NAME = "$(TARGET_NAME)";
			};
			name = Debug;
		};
		4CCC76711D21801C00B3E66E /* Release */ = {
			isa = XCBuildConfiguration;
			buildSettings = {
				ASSETCATALOG_COMPILER_APPICON_NAME = AppIcon;
				INFOPLIST_FILE = "watson-test1/Info.plist";
				LD_RUNPATH_SEARCH_PATHS = "$(inherited) @executable_path/Frameworks";
				PRODUCT_BUNDLE_IDENTIFIER = "apiconnect.watson-test1";
				PRODUCT_NAME = "$(TARGET_NAME)";
			};
			name = Release;
		};
		4CCC76731D21801C00B3E66E /* Debug */ = {
			isa = XCBuildConfiguration;
			buildSettings = {
				BUNDLE_LOADER = "$(TEST_HOST)";
				INFOPLIST_FILE = "watson-test1Tests/Info.plist";
				LD_RUNPATH_SEARCH_PATHS = "$(inherited) @executable_path/Frameworks @loader_path/Frameworks";
				PRODUCT_BUNDLE_IDENTIFIER = "apiconnect.watson-test1Tests";
				PRODUCT_NAME = "$(TARGET_NAME)";
				TEST_HOST = "$(BUILT_PRODUCTS_DIR)/watson-test1.app/watson-test1";
			};
			name = Debug;
		};
		4CCC76741D21801C00B3E66E /* Release */ = {
			isa = XCBuildConfiguration;
			buildSettings = {
				BUNDLE_LOADER = "$(TEST_HOST)";
				INFOPLIST_FILE = "watson-test1Tests/Info.plist";
				LD_RUNPATH_SEARCH_PATHS = "$(inherited) @executable_path/Frameworks @loader_path/Frameworks";
				PRODUCT_BUNDLE_IDENTIFIER = "apiconnect.watson-test1Tests";
				PRODUCT_NAME = "$(TARGET_NAME)";
				TEST_HOST = "$(BUILT_PRODUCTS_DIR)/watson-test1.app/watson-test1";
			};
			name = Release;
		};
		4CCC76761D21801C00B3E66E /* Debug */ = {
			isa = XCBuildConfiguration;
			buildSettings = {
				INFOPLIST_FILE = "watson-test1UITests/Info.plist";
				LD_RUNPATH_SEARCH_PATHS = "$(inherited) @executable_path/Frameworks @loader_path/Frameworks";
				PRODUCT_BUNDLE_IDENTIFIER = "apiconnect.watson-test1UITests";
				PRODUCT_NAME = "$(TARGET_NAME)";
				TEST_TARGET_NAME = "watson-test1";
			};
			name = Debug;
		};
		4CCC76771D21801C00B3E66E /* Release */ = {
			isa = XCBuildConfiguration;
			buildSettings = {
				INFOPLIST_FILE = "watson-test1UITests/Info.plist";
				LD_RUNPATH_SEARCH_PATHS = "$(inherited) @executable_path/Frameworks @loader_path/Frameworks";
				PRODUCT_BUNDLE_IDENTIFIER = "apiconnect.watson-test1UITests";
				PRODUCT_NAME = "$(TARGET_NAME)";
				TEST_TARGET_NAME = "watson-test1";
			};
			name = Release;
		};
/* End XCBuildConfiguration section */

/* Begin XCConfigurationList section */
		4CCC763E1D21801C00B3E66E /* Build configuration list for PBXProject "watson-test1" */ = {
			isa = XCConfigurationList;
			buildConfigurations = (
				4CCC766D1D21801C00B3E66E /* Debug */,
				4CCC766E1D21801C00B3E66E /* Release */,
			);
			defaultConfigurationIsVisible = 0;
			defaultConfigurationName = Release;
		};
		4CCC766F1D21801C00B3E66E /* Build configuration list for PBXNativeTarget "watson-test1" */ = {
			isa = XCConfigurationList;
			buildConfigurations = (
				4CCC76701D21801C00B3E66E /* Debug */,
				4CCC76711D21801C00B3E66E /* Release */,
			);
			defaultConfigurationIsVisible = 0;
		};
		4CCC76721D21801C00B3E66E /* Build configuration list for PBXNativeTarget "watson-test1Tests" */ = {
			isa = XCConfigurationList;
			buildConfigurations = (
				4CCC76731D21801C00B3E66E /* Debug */,
				4CCC76741D21801C00B3E66E /* Release */,
			);
			defaultConfigurationIsVisible = 0;
		};
		4CCC76751D21801C00B3E66E /* Build configuration list for PBXNativeTarget "watson-test1UITests" */ = {
			isa = XCConfigurationList;
			buildConfigurations = (
				4CCC76761D21801C00B3E66E /* Debug */,
				4CCC76771D21801C00B3E66E /* Release */,
			);
			defaultConfigurationIsVisible = 0;
		};
/* End XCConfigurationList section */
	};
	rootObject = 4CCC763B1D21801C00B3E66E /* Project object */;
}
